<?xml version="1.0" encoding="utf-8"?>
<Project ToolsVersion="4.0" xmlns="http://schemas.microsoft.com/developer/msbuild/2003">
  <ItemGroup>
    <Filter Include="Исходные файлы">
      <UniqueIdentifier>{4FC737F1-C7A5-4376-A066-2A32D752A2FF}</UniqueIdentifier>
      <Extensions>cpp;c;cc;cxx;c++;cppm;ixx;def;odl;idl;hpj;bat;asm;asmx</Extensions>
    </Filter>
    <Filter Include="Файлы заголовков">
      <UniqueIdentifier>{93995380-89BD-4b04-88EB-625FBE52EBFB}</UniqueIdentifier>
      <Extensions>h;hh;hpp;hxx;h++;hm;inl;inc;ipp;xsd</Extensions>
    </Filter>
    <Filter Include="Файлы ресурсов">
      <UniqueIdentifier>{67DA6AB6-F800-4c08-8B7A-83BB121AAD01}</UniqueIdentifier>
      <Extensions>rc;ico;cur;bmp;dlg;rc2;rct;bin;rgs;gif;jpg;jpeg;jpe;resx;tiff;tif;png;wav;mfcribbon-ms</Extensions>
    </Filter>
  </ItemGroup>
  <ItemGroup>
    <ClInclude Include="include\CheckBoxControl.h">
      <Filter>Файлы заголовков</Filter>
    </ClInclude>
    <ClInclude Include="include\KnobControl.h">
      <Filter>Файлы заголовков</Filter>
    </ClInclude>
    <ClInclude Include="include\Control.h">
      <Filter>Файлы заголовков</Filter>
    </ClInclude>
    <ClInclude Include="include\PluginView.h">
      <Filter>Файлы заголовков</Filter>
    </ClInclude>
    <ClInclude Include="include\ScalableControl.h">
      <Filter>Файлы заголовков</Filter>
    </ClInclude>
    <ClInclude Include="include\SliderControl.h">
      <Filter>Файлы заголовков</Filter>
    </ClInclude>
    <ClInclude Include="include\framework.h">
      <Filter>Файлы заголовков</Filter>
    </ClInclude>
    <ClInclude Include="include\targetver.h">
      <Filter>Файлы заголовков</Filter>
    </ClInclude>
    <ClInclude Include="include\ButtonControl.h">
      <Filter>Файлы заголовков</Filter>
    </ClInclude>
    <ClInclude Include="include\Utils.h">
      <Filter>Файлы заголовков</Filter>
    </ClInclude>
    <ClInclude Include="include\PadControl.h">
      <Filter>Файлы заголовков</Filter>
    </ClInclude>
    <ClInclude Include="include\Animation.h">
      <Filter>Файлы заголовков</Filter>
    </ClInclude>
    <ClInclude Include="include\LableControl.h">
      <Filter>Файлы заголовков</Filter>
    </ClInclude>
    <ClInclude Include="include\Event.h">
      <Filter>Файлы заголовков</Filter>
    </ClInclude>
    <ClInclude Include="include\PluginControlFactory.h">
      <Filter>Файлы заголовков</Filter>
    </ClInclude>
    <ClInclude Include="include\ControlId.h">
      <Filter>Файлы заголовков</Filter>
    </ClInclude>
    <ClInclude Include="include\Frame.h">
      <Filter>Файлы заголовков</Filter>
    </ClInclude>
    <ClInclude Include="include\Tooltip.h">
      <Filter>Файлы заголовков</Filter>
    </ClInclude>
    <ClInclude Include="include\MouseCalibration.h">
      <Filter>Файлы заголовков</Filter>
    </ClInclude>
    <ClInclude Include="include\EnvelopeGraphControl.h">
      <Filter>Файлы заголовков</Filter>
    </ClInclude>
    <ClInclude Include="include\Commands.h">
      <Filter>Файлы заголовков</Filter>
    </ClInclude>
    <ClInclude Include="src\resource.h">
      <Filter>Файлы заголовков</Filter>
    </ClInclude>
    <ClInclude Include="include\GdiplusExtention.h">
      <Filter>Файлы заголовков</Filter>
    </ClInclude>
    <ClInclude Include="include\ButtonImage.h">
      <Filter>Файлы заголовков</Filter>
    </ClInclude>
    <ClInclude Include="include\ButtonRadioImage.h">
      <Filter>Файлы заголовков</Filter>
    </ClInclude>
    <ClInclude Include="include\Container.h">
      <Filter>Файлы заголовков</Filter>
    </ClInclude>
    <ClInclude Include="include\Panel.h">
      <Filter>Файлы заголовков</Filter>
    </ClInclude>
    <ClInclude Include="include\Descriptor.h">
      <Filter>Файлы заголовков</Filter>
    </ClInclude>
    <ClInclude Include="include\PropertyTypes.h">
      <Filter>Файлы заголовков</Filter>
    </ClInclude>
    <ClInclude Include="include\PropertyRegistry.h">
      <Filter>Файлы заголовков</Filter>
    </ClInclude>
    <ClInclude Include="include\PropertyRegistryInit.h">
      <Filter>Файлы заголовков</Filter>
    </ClInclude>
  </ItemGroup>
  <ItemGroup>
    <ClCompile Include="src\PluginView.cpp">
      <Filter>Исходные файлы</Filter>
    </ClCompile>
    <ClCompile Include="src\CheckBoxControl.cpp">
      <Filter>Исходные файлы</Filter>
    </ClCompile>
    <ClCompile Include="src\ScalableControl.cpp">
      <Filter>Исходные файлы</Filter>
    </ClCompile>
    <ClCompile Include="src\SliderControl.cpp">
      <Filter>Исходные файлы</Filter>
    </ClCompile>
    <ClCompile Include="src\KnobControl.cpp">
      <Filter>Исходные файлы</Filter>
    </ClCompile>
    <ClCompile Include="src\ButtonControl.cpp">
      <Filter>Исходные файлы</Filter>
    </ClCompile>
    <ClCompile Include="src\PadControl.cpp">
      <Filter>Исходные файлы</Filter>
    </ClCompile>
    <ClCompile Include="src\Utils.cpp">
      <Filter>Исходные файлы</Filter>
    </ClCompile>
    <ClCompile Include="src\Animation.cpp">
      <Filter>Исходные файлы</Filter>
    </ClCompile>
    <ClCompile Include="src\LableControl.cpp">
      <Filter>Исходные файлы</Filter>
    </ClCompile>
    <ClCompile Include="src\Control.cpp">
      <Filter>Исходные файлы</Filter>
    </ClCompile>
    <ClCompile Include="src\Tooltip.cpp">
      <Filter>Исходные файлы</Filter>
    </ClCompile>
    <ClCompile Include="src\MouseCalibration.cpp">
      <Filter>Исходные файлы</Filter>
    </ClCompile>
    <ClCompile Include="src\EnvelopeGraphControl.cpp">
      <Filter>Исходные файлы</Filter>
    </ClCompile>
    <ClCompile Include="src\ButtonImage.cpp">
      <Filter>Исходные файлы</Filter>
    </ClCompile>
    <ClCompile Include="src\ButtonRadioImage.cpp">
      <Filter>Исходные файлы</Filter>
    </ClCompile>
    <ClCompile Include="src\Panel.cpp">
      <Filter>Исходные файлы</Filter>
    </ClCompile>
    <ClCompile Include="src\Descriptor.cpp">
      <Filter>Исходные файлы</Filter>
    </ClCompile>
    <ClCompile Include="src\PropertyRegistry.cpp">
      <Filter>Исходные файлы</Filter>
    </ClCompile>
    <ClCompile Include="src\PropertyRegisteryInit.cpp">
      <Filter>Исходные файлы</Filter>
    </ClCompile>
  </ItemGroup>
  <ItemGroup>
    <None Include="cpp.hint" />
    <None Include="cursor1.cur">
      <Filter>Файлы ресурсов</Filter>
    </None>
    <None Include="cur00001.cur">
      <Filter>Файлы ресурсов</Filter>
    </None>
    <None Include="packages.config" />
  </ItemGroup>
  <ItemGroup>
    <ResourceCompile Include="src\PluginGUI.rc">
      <Filter>Файлы ресурсов</Filter>
    </ResourceCompile>
  </ItemGroup>
</Project>